
Microsoft Visual Studio Solution File, Format Version 12.00
# Visual Studio Version 17
VisualStudioVersion = 17.1.32319.34
MinimumVisualStudioVersion = 10.0.40219.1
Project("{FAE04EC0-301F-11D3-BF4B-00C04F79EFBC}") = "ExtraLoot", "ExtraLoot.csproj", "{2D8198F2-7736-40AC-B774-6AC869A7650C}"
EndProject
Global
	GlobalSection(SolutionConfigurationPlatforms) = preSolution
		Debug|Any CPU = Debug|Any CPU
		Release|Any CPU = Release|Any CPU
	EndGlobalSection
	GlobalSection(ProjectConfigurationPlatforms) = postSolution
		{2D8198F2-7736-40AC-B774-6AC869A7650C}.Debug|Any CPU.ActiveCfg = Debug|Any CPU
		{2D8198F2-7736-40AC-B774-6AC869A7650C}.Debug|Any CPU.Build.0 = Debug|Any CPU
		{2D8198F2-7736-40AC-B774-6AC869A7650C}.Release|Any CPU.ActiveCfg = Release|Any CPU
		{2D8198F2-7736-40AC-B774-6AC869A7650C}.Release|Any CPU.Build.0 = Release|Any CPU
	EndGlobalSection
	GlobalSection(SolutionProperties) = preSolution
		HideSolutionNode = FALSE
	EndGlobalSection
	GlobalSection(ExtensibilityGlobals) = postSolution
		SolutionGuid = {D2A1FACB-0F94-40E9-A38D-A43F0ACE78EE}
	EndGlobalSection
EndGlobal
